# This file is automatically @generated by Cargo.
# It is not intended for manual editing.
version = 4

[[package]]
name = "ade-backup"
version = "0.0.0"

[[package]]
name = "ade-capability"
version = "0.0.0"

[[package]]
name = "ade-casebook"
version = "0.0.0"

[[package]]
name = "ade-core-api"
version = "0.0.0"

[[package]]
name = "ade-execution"
version = "0.0.0"

[[package]]
name = "ade-facts"
version = "0.0.0"

[[package]]
name = "ade-fault-injection"
version = "0.0.0"

[[package]]
name = "ade-mock-fc"
version = "0.0.0"

[[package]]
name = "ade-planning"
version = "0.0.0"

[[package]]
name = "ade-protocol-cli"
version = "0.0.0"

[[package]]
name = "ade-protocol-msp"
version = "0.0.0"

[[package]]
name = "ade-recovery"
version = "0.0.0"

[[package]]
name = "ade-safety"
version = "0.0.0"

[[package]]
name = "ade-session"
version = "0.0.0"

[[package]]
name = "ade-transport"
version = "0.0.0"

[[package]]
name = "ade-transport-dfu"
version = "0.0.0"
